
Microsoft Visual Studio Solution File, Format Version 12.00
# Visual Studio Version 16
VisualStudioVersion = 16.0.31515.178
MinimumVisualStudioVersion = 10.0.40219.1
Project("{FAE04EC0-301F-11D3-BF4B-00C04F79EFBC}") = "BulkyBook", "BulkyBook\BulkyBook.csproj", "{72DFBC7C-4235-4260-9292-E3645B599EC5}"
EndProject
Global
	GlobalSection(SolutionConfigurationPlatforms) = preSolution
		Debug|Any CPU = Debug|Any CPU
		Release|Any CPU = Release|Any CPU
	EndGlobalSection
	GlobalSection(ProjectConfigurationPlatforms) = postSolution
		{72DFBC7C-4235-4260-9292-E3645B599EC5}.Debug|Any CPU.ActiveCfg = Debug|Any CPU
		{72DFBC7C-4235-4260-9292-E3645B599EC5}.Debug|Any CPU.Build.0 = Debug|Any CPU
		{72DFBC7C-4235-4260-9292-E3645B599EC5}.Release|Any CPU.ActiveCfg = Release|Any CPU
		{72DFBC7C-4235-4260-9292-E3645B599EC5}.Release|Any CPU.Build.0 = Release|Any CPU
	EndGlobalSection
	GlobalSection(SolutionProperties) = preSolution
		HideSolutionNode = FALSE
	EndGlobalSection
	GlobalSection(ExtensibilityGlobals) = postSolution
		SolutionGuid = {B6B984FB-ECBF-45DC-8CF5-C0D978AEDD7E}
	EndGlobalSection
EndGlobal
